
Microsoft Visual Studio Solution File, Format Version 12.00
# Visual Studio 14
VisualStudioVersion = 14.0.25123.0
MinimumVisualStudioVersion = 10.0.40219.1
Project("{2150E333-8FDC-42A3-9474-1A3956D46DE8}") = "src", "src", "{D99E126D-253A-4BBB-AD3F-5674FB02B740}"
EndProject
Project("{2150E333-8FDC-42A3-9474-1A3956D46DE8}") = "Solution Items", "Solution Items", "{EC8AAA13-E26C-4B84-A5B1-F24A0EF9F298}"
	ProjectSection(SolutionItems) = preProject
		global.json = global.json
	EndProjectSection
EndProject
Project("{8BB2217D-0F2D-49D1-97BC-3654ED321F3B}") = "FluentBehave.Tools", "src\FluentBehave.Tools\FluentBehave.Tools.xproj", "{C3AD2DB7-C30D-4D2B-9E9C-346CC2A703A1}"
EndProject
Project("{2150E333-8FDC-42A3-9474-1A3956D46DE8}") = "test", "test", "{354BB0C9-F8D9-4876-9EC3-25481C1E2BD5}"
EndProject
Project("{8BB2217D-0F2D-49D1-97BC-3654ED321F3B}") = "FluentBehave.Tools.Tests", "test\FluentBehave.Tools.Tests\FluentBehave.Tools.Tests.xproj", "{271FF965-4D79-42AD-991F-CA197F312F10}"
EndProject
Global
	GlobalSection(SolutionConfigurationPlatforms) = preSolution
		Debug|Any CPU = Debug|Any CPU
		Release|Any CPU = Release|Any CPU
	EndGlobalSection
	GlobalSection(ProjectConfigurationPlatforms) = postSolution
		{C3AD2DB7-C30D-4D2B-9E9C-346CC2A703A1}.Debug|Any CPU.ActiveCfg = Debug|Any CPU
		{C3AD2DB7-C30D-4D2B-9E9C-346CC2A703A1}.Debug|Any CPU.Build.0 = Debug|Any CPU
		{C3AD2DB7-C30D-4D2B-9E9C-346CC2A703A1}.Release|Any CPU.ActiveCfg = Release|Any CPU
		{C3AD2DB7-C30D-4D2B-9E9C-346CC2A703A1}.Release|Any CPU.Build.0 = Release|Any CPU
		{271FF965-4D79-42AD-991F-CA197F312F10}.Debug|Any CPU.ActiveCfg = Debug|Any CPU
		{271FF965-4D79-42AD-991F-CA197F312F10}.Debug|Any CPU.Build.0 = Debug|Any CPU
		{271FF965-4D79-42AD-991F-CA197F312F10}.Release|Any CPU.ActiveCfg = Release|Any CPU
		{271FF965-4D79-42AD-991F-CA197F312F10}.Release|Any CPU.Build.0 = Release|Any CPU
	EndGlobalSection
	GlobalSection(SolutionProperties) = preSolution
		HideSolutionNode = FALSE
	EndGlobalSection
	GlobalSection(NestedProjects) = preSolution
		{C3AD2DB7-C30D-4D2B-9E9C-346CC2A703A1} = {D99E126D-253A-4BBB-AD3F-5674FB02B740}
		{271FF965-4D79-42AD-991F-CA197F312F10} = {354BB0C9-F8D9-4876-9EC3-25481C1E2BD5}
	EndGlobalSection
EndGlobal
